
Microsoft Visual Studio Solution File, Format Version 12.00
# Visual Studio Version 17
VisualStudioVersion = 17.4.33122.133
MinimumVisualStudioVersion = 10.0.40219.1
Project("{FAE04EC0-301F-11D3-BF4B-00C04F79EFBC}") = "OperationResult", "OperationResult\OperationResult.csproj", "{50A2CF1A-58F6-4496-BA3A-1C1DB7DB1449}"
EndProject
Project("{FAE04EC0-301F-11D3-BF4B-00C04F79EFBC}") = "OperationResult.Tests", "..\OperationResult.Tests\OperationResult.Tests.csproj", "{95921ECB-EBED-49B8-A8E7-4AAC32700365}"
EndProject
Global
	GlobalSection(SolutionConfigurationPlatforms) = preSolution
		Debug|Any CPU = Debug|Any CPU
		Release|Any CPU = Release|Any CPU
	EndGlobalSection
	GlobalSection(ProjectConfigurationPlatforms) = postSolution
		{50A2CF1A-58F6-4496-BA3A-1C1DB7DB1449}.Debug|Any CPU.ActiveCfg = Debug|Any CPU
		{50A2CF1A-58F6-4496-BA3A-1C1DB7DB1449}.Debug|Any CPU.Build.0 = Debug|Any CPU
		{50A2CF1A-58F6-4496-BA3A-1C1DB7DB1449}.Release|Any CPU.ActiveCfg = Release|Any CPU
		{50A2CF1A-58F6-4496-BA3A-1C1DB7DB1449}.Release|Any CPU.Build.0 = Release|Any CPU
		{95921ECB-EBED-49B8-A8E7-4AAC32700365}.Debug|Any CPU.ActiveCfg = Debug|Any CPU
		{95921ECB-EBED-49B8-A8E7-4AAC32700365}.Debug|Any CPU.Build.0 = Debug|Any CPU
		{95921ECB-EBED-49B8-A8E7-4AAC32700365}.Release|Any CPU.ActiveCfg = Release|Any CPU
		{95921ECB-EBED-49B8-A8E7-4AAC32700365}.Release|Any CPU.Build.0 = Release|Any CPU
	EndGlobalSection
	GlobalSection(SolutionProperties) = preSolution
		HideSolutionNode = FALSE
	EndGlobalSection
	GlobalSection(ExtensibilityGlobals) = postSolution
		SolutionGuid = {D342AA60-46C3-4E55-9914-4B74B63BD5FC}
	EndGlobalSection
EndGlobal
